
Microsoft Visual Studio Solution File, Format Version 12.00
# Visual Studio Version 17
VisualStudioVersion = 17.6.33712.159
MinimumVisualStudioVersion = 10.0.40219.1
Project("{9A19103F-16F7-4668-BE54-9A1E7A4F7556}") = "Sploosh.GameEngine", "SplooshKaboom.GameEngine\Sploosh.GameEngine.csproj", "{F55C53D9-8678-403F-9073-A8D06BE037CA}"
EndProject
Project("{9A19103F-16F7-4668-BE54-9A1E7A4F7556}") = "Sploosh.GameEngine.Tests", "SplooshKaboom.GameEngine.Tests\Sploosh.GameEngine.Tests.csproj", "{D3DE174F-AB95-49A5-B419-A2ACFED28C70}"
EndProject
Global
	GlobalSection(SolutionConfigurationPlatforms) = preSolution
		Debug|Any CPU = Debug|Any CPU
		Release|Any CPU = Release|Any CPU
	EndGlobalSection
	GlobalSection(ProjectConfigurationPlatforms) = postSolution
		{F55C53D9-8678-403F-9073-A8D06BE037CA}.Debug|Any CPU.ActiveCfg = Debug|Any CPU
		{F55C53D9-8678-403F-9073-A8D06BE037CA}.Debug|Any CPU.Build.0 = Debug|Any CPU
		{F55C53D9-8678-403F-9073-A8D06BE037CA}.Release|Any CPU.ActiveCfg = Release|Any CPU
		{F55C53D9-8678-403F-9073-A8D06BE037CA}.Release|Any CPU.Build.0 = Release|Any CPU
		{D3DE174F-AB95-49A5-B419-A2ACFED28C70}.Debug|Any CPU.ActiveCfg = Debug|Any CPU
		{D3DE174F-AB95-49A5-B419-A2ACFED28C70}.Debug|Any CPU.Build.0 = Debug|Any CPU
		{D3DE174F-AB95-49A5-B419-A2ACFED28C70}.Release|Any CPU.ActiveCfg = Release|Any CPU
		{D3DE174F-AB95-49A5-B419-A2ACFED28C70}.Release|Any CPU.Build.0 = Release|Any CPU
	EndGlobalSection
	GlobalSection(SolutionProperties) = preSolution
		HideSolutionNode = FALSE
	EndGlobalSection
	GlobalSection(ExtensibilityGlobals) = postSolution
		SolutionGuid = {DC60DECD-2BC8-4BA6-84FB-8D3C4DDCB031}
	EndGlobalSection
EndGlobal
