
Microsoft Visual Studio Solution File, Format Version 12.00
# Visual Studio Version 17
VisualStudioVersion = 17.6.33712.159
MinimumVisualStudioVersion = 10.0.40219.1
Project("{9A19103F-16F7-4668-BE54-9A1E7A4F7556}") = "Sploosh.GameEngine", "Sploosh.GameEngine.csproj", "{83CD1DA5-B588-4F6D-A545-C595D98225D7}"
EndProject
Project("{FAE04EC0-301F-11D3-BF4B-00C04F79EFBC}") = "Sploosh.GameEngine.Tests", "..\Sploosh.GameEngine.Tests\Sploosh.GameEngine.Tests.csproj", "{D1C43542-4585-497C-9A61-3F9DF872DD75}"
EndProject
Global
	GlobalSection(SolutionConfigurationPlatforms) = preSolution
		Debug|Any CPU = Debug|Any CPU
		Release|Any CPU = Release|Any CPU
	EndGlobalSection
	GlobalSection(ProjectConfigurationPlatforms) = postSolution
		{83CD1DA5-B588-4F6D-A545-C595D98225D7}.Debug|Any CPU.ActiveCfg = Debug|Any CPU
		{83CD1DA5-B588-4F6D-A545-C595D98225D7}.Debug|Any CPU.Build.0 = Debug|Any CPU
		{83CD1DA5-B588-4F6D-A545-C595D98225D7}.Release|Any CPU.ActiveCfg = Release|Any CPU
		{83CD1DA5-B588-4F6D-A545-C595D98225D7}.Release|Any CPU.Build.0 = Release|Any CPU
		{D1C43542-4585-497C-9A61-3F9DF872DD75}.Debug|Any CPU.ActiveCfg = Debug|Any CPU
		{D1C43542-4585-497C-9A61-3F9DF872DD75}.Debug|Any CPU.Build.0 = Debug|Any CPU
		{D1C43542-4585-497C-9A61-3F9DF872DD75}.Release|Any CPU.ActiveCfg = Release|Any CPU
		{D1C43542-4585-497C-9A61-3F9DF872DD75}.Release|Any CPU.Build.0 = Release|Any CPU
	EndGlobalSection
	GlobalSection(SolutionProperties) = preSolution
		HideSolutionNode = FALSE
	EndGlobalSection
	GlobalSection(ExtensibilityGlobals) = postSolution
		SolutionGuid = {CB893CCA-901B-458D-BDBC-49FAE6261E49}
	EndGlobalSection
EndGlobal
